
Microsoft Visual Studio Solution File, Format Version 12.00
# Visual Studio Version 17
VisualStudioVersion = 17.4.33122.133
MinimumVisualStudioVersion = 10.0.40219.1
Project("{FAE04EC0-301F-11D3-BF4B-00C04F79EFBC}") = "WindowsServiceSG", "WindowsServiceSG\WindowsServiceSG.csproj", "{5BE98335-5577-427B-9375-2A5E24CF0B71}"
EndProject
Project("{FAE04EC0-301F-11D3-BF4B-00C04F79EFBC}") = "Clase_Data", "Clase_DB\Clase_Data.csproj", "{341EEF51-1485-4858-AE63-68A290211C6E}"
EndProject
Global
	GlobalSection(SolutionConfigurationPlatforms) = preSolution
		Debug|Any CPU = Debug|Any CPU
		Release|Any CPU = Release|Any CPU
	EndGlobalSection
	GlobalSection(ProjectConfigurationPlatforms) = postSolution
		{5BE98335-5577-427B-9375-2A5E24CF0B71}.Debug|Any CPU.ActiveCfg = Debug|Any CPU
		{5BE98335-5577-427B-9375-2A5E24CF0B71}.Debug|Any CPU.Build.0 = Debug|Any CPU
		{5BE98335-5577-427B-9375-2A5E24CF0B71}.Release|Any CPU.ActiveCfg = Release|Any CPU
		{5BE98335-5577-427B-9375-2A5E24CF0B71}.Release|Any CPU.Build.0 = Release|Any CPU
		{341EEF51-1485-4858-AE63-68A290211C6E}.Debug|Any CPU.ActiveCfg = Debug|Any CPU
		{341EEF51-1485-4858-AE63-68A290211C6E}.Debug|Any CPU.Build.0 = Debug|Any CPU
		{341EEF51-1485-4858-AE63-68A290211C6E}.Release|Any CPU.ActiveCfg = Release|Any CPU
		{341EEF51-1485-4858-AE63-68A290211C6E}.Release|Any CPU.Build.0 = Release|Any CPU
	EndGlobalSection
	GlobalSection(SolutionProperties) = preSolution
		HideSolutionNode = FALSE
	EndGlobalSection
	GlobalSection(ExtensibilityGlobals) = postSolution
		SolutionGuid = {EAC77367-92B9-4CFA-918A-07045A28DEFF}
	EndGlobalSection
EndGlobal
